{
  "name": "bootstrap-austral",
  "version": "1.0.0",
  "lockfileVersion": 1,
  "requires": true,
  "dependencies": {
    "@popperjs/core": {
      "version": "2.8.6",
      "resolved": "https://registry.npmjs.org/@popperjs/core/-/core-2.8.6.tgz",
      "integrity": "sha512-1oXH2bAFXz9SttE1v/0Jp+2ZVePsPEAPGIuPKrmljWZcS3FPBEn2Q4WcANozZC0YiCjTWOF55k0g6rbSZS39ew=="
    },
    "bootstrap": {
      "version": "4.6.0",
      "resolved": "https://registry.npmjs.org/bootstrap/-/bootstrap-4.6.0.tgz",
      "integrity": "sha512-Io55IuQY3kydzHtbGvQya3H+KorS/M9rSNyfCGCg9WZ4pyT/lCxIlpJgG1GXW/PswzC84Tr2fBYi+7+jFVQQBw=="
    },
    "bootstrap-icons": {
      "version": "1.4.0",
      "resolved": "https://registry.npmjs.org/bootstrap-icons/-/bootstrap-icons-1.4.0.tgz",
      "integrity": "sha512-EynaOv/G/X/sQgPUqkdLJoxPrWk73wwsVjVR3cDNYO0jMS58poq7DOC2CraBWlBt1AberEmt0blfw4ony2/ZIg=="
    },
    "jquery": {
      "version": "3.6.0",
      "resolved": "https://registry.npmjs.org/jquery/-/jquery-3.6.0.tgz",
      "integrity": "sha512-JVzAR/AjBvVt2BmYhxRCSYysDsPcssdmTFnzyLEts9qNwmjmu4JTAMYubEfwVOSwpQ1I1sKKFcxhZCI2buerfw=="
    }
  }
}
